
Microsoft Visual Studio Solution File, Format Version 12.00
# Visual Studio Version 17
VisualStudioVersion = 17.4.33403.182
MinimumVisualStudioVersion = 10.0.40219.1
Project("{FAE04EC0-301F-11D3-BF4B-00C04F79EFBC}") = "RECUPERACION_LDVP", "RECUPERACION_LDVP.csproj", "{AD6314DD-2E7E-4CA3-A150-F24B024C67C2}"
EndProject
Global
	GlobalSection(SolutionConfigurationPlatforms) = preSolution
		Debug|Any CPU = Debug|Any CPU
		Release|Any CPU = Release|Any CPU
	EndGlobalSection
	GlobalSection(ProjectConfigurationPlatforms) = postSolution
		{AD6314DD-2E7E-4CA3-A150-F24B024C67C2}.Debug|Any CPU.ActiveCfg = Debug|Any CPU
		{AD6314DD-2E7E-4CA3-A150-F24B024C67C2}.Debug|Any CPU.Build.0 = Debug|Any CPU
		{AD6314DD-2E7E-4CA3-A150-F24B024C67C2}.Release|Any CPU.ActiveCfg = Release|Any CPU
		{AD6314DD-2E7E-4CA3-A150-F24B024C67C2}.Release|Any CPU.Build.0 = Release|Any CPU
	EndGlobalSection
	GlobalSection(SolutionProperties) = preSolution
		HideSolutionNode = FALSE
	EndGlobalSection
	GlobalSection(ExtensibilityGlobals) = postSolution
		SolutionGuid = {46CDB0E2-4990-4D77-BBC1-EC38923265E0}
	EndGlobalSection
EndGlobal
